
Microsoft Visual Studio Solution File, Format Version 12.00
# Visual Studio 14
VisualStudioVersion = 14.0.25420.1
MinimumVisualStudioVersion = 10.0.40219.1
Project("{FAE04EC0-301F-11D3-BF4B-00C04F79EFBC}") = "SlackFaceSwapperBot", "SlackFaceSwapperBot\SlackFaceSwapperBot.csproj", "{7ACF0051-30DF-4E52-98D6-7B02B4D871FC}"
EndProject
Global
	GlobalSection(SolutionConfigurationPlatforms) = preSolution
		Debug|Any CPU = Debug|Any CPU
		Release|Any CPU = Release|Any CPU
	EndGlobalSection
	GlobalSection(ProjectConfigurationPlatforms) = postSolution
		{7ACF0051-30DF-4E52-98D6-7B02B4D871FC}.Debug|Any CPU.ActiveCfg = Debug|Any CPU
		{7ACF0051-30DF-4E52-98D6-7B02B4D871FC}.Debug|Any CPU.Build.0 = Debug|Any CPU
		{7ACF0051-30DF-4E52-98D6-7B02B4D871FC}.Release|Any CPU.ActiveCfg = Release|Any CPU
		{7ACF0051-30DF-4E52-98D6-7B02B4D871FC}.Release|Any CPU.Build.0 = Release|Any CPU
	EndGlobalSection
	GlobalSection(SolutionProperties) = preSolution
		HideSolutionNode = FALSE
	EndGlobalSection
EndGlobal
